
Microsoft Visual Studio Solution File, Format Version 12.00
# Visual Studio Version 16
VisualStudioVersion = 16.0.30128.74
MinimumVisualStudioVersion = 10.0.40219.1
Project("{FAE04EC0-301F-11D3-BF4B-00C04F79EFBC}") = "QLThuVien", "QLThuVien\QLThuVien.csproj", "{E04455ED-F251-4E9F-AE2A-65F1D1C836AF}"
EndProject
Global
	GlobalSection(SolutionConfigurationPlatforms) = preSolution
		Debug|Any CPU = Debug|Any CPU
		Release|Any CPU = Release|Any CPU
	EndGlobalSection
	GlobalSection(ProjectConfigurationPlatforms) = postSolution
		{E04455ED-F251-4E9F-AE2A-65F1D1C836AF}.Debug|Any CPU.ActiveCfg = Debug|Any CPU
		{E04455ED-F251-4E9F-AE2A-65F1D1C836AF}.Debug|Any CPU.Build.0 = Debug|Any CPU
		{E04455ED-F251-4E9F-AE2A-65F1D1C836AF}.Release|Any CPU.ActiveCfg = Release|Any CPU
		{E04455ED-F251-4E9F-AE2A-65F1D1C836AF}.Release|Any CPU.Build.0 = Release|Any CPU
	EndGlobalSection
	GlobalSection(SolutionProperties) = preSolution
		HideSolutionNode = FALSE
	EndGlobalSection
	GlobalSection(ExtensibilityGlobals) = postSolution
		SolutionGuid = {C730891A-ED14-463C-B86D-CB54D63EC314}
	EndGlobalSection
EndGlobal
